
Microsoft Visual Studio Solution File, Format Version 12.00
# Visual Studio 15
VisualStudioVersion = 15.0.27004.2002
MinimumVisualStudioVersion = 10.0.40219.1
Project("{8BC9CEB8-8B4A-11D0-8D11-00A0C91BC942}") = "Laba_1", "Laba_1\Laba_1.vcxproj", "{B2A20A69-A5CF-4C87-BA63-3A721BB70DBF}"
EndProject
Global
	GlobalSection(SolutionConfigurationPlatforms) = preSolution
		Debug|x64 = Debug|x64
		Debug|x86 = Debug|x86
		Release|x64 = Release|x64
		Release|x86 = Release|x86
	EndGlobalSection
	GlobalSection(ProjectConfigurationPlatforms) = postSolution
		{B2A20A69-A5CF-4C87-BA63-3A721BB70DBF}.Debug|x64.ActiveCfg = Debug|x64
		{B2A20A69-A5CF-4C87-BA63-3A721BB70DBF}.Debug|x64.Build.0 = Debug|x64
		{B2A20A69-A5CF-4C87-BA63-3A721BB70DBF}.Debug|x86.ActiveCfg = Debug|Win32
		{B2A20A69-A5CF-4C87-BA63-3A721BB70DBF}.Debug|x86.Build.0 = Debug|Win32
		{B2A20A69-A5CF-4C87-BA63-3A721BB70DBF}.Release|x64.ActiveCfg = Release|x64
		{B2A20A69-A5CF-4C87-BA63-3A721BB70DBF}.Release|x64.Build.0 = Release|x64
		{B2A20A69-A5CF-4C87-BA63-3A721BB70DBF}.Release|x86.ActiveCfg = Release|Win32
		{B2A20A69-A5CF-4C87-BA63-3A721BB70DBF}.Release|x86.Build.0 = Release|Win32
	EndGlobalSection
	GlobalSection(SolutionProperties) = preSolution
		HideSolutionNode = FALSE
	EndGlobalSection
	GlobalSection(ExtensibilityGlobals) = postSolution
		SolutionGuid = {F7AB44C0-50BB-41B2-88F9-0AF3569380CF}
	EndGlobalSection
EndGlobal
